
Microsoft Visual Studio Solution File, Format Version 12.00
# Visual Studio Version 16
VisualStudioVersion = 16.0.31019.35
MinimumVisualStudioVersion = 10.0.40219.1
Project("{9A19103F-16F7-4668-BE54-9A1E7A4F7556}") = "Test2", "..\Test2\Test2.csproj", "{35270364-B834-4CAC-B7EA-05B79B637CEB}"
EndProject
Project("{9A19103F-16F7-4668-BE54-9A1E7A4F7556}") = "ClassLibrary1", "ClassLibrary1\ClassLibrary1.csproj", "{A74C5955-972C-4E24-B85C-AE927C00B277}"
EndProject
Project("{FAE04EC0-301F-11D3-BF4B-00C04F79EFBC}") = "Api", "Api\Api.csproj", "{48452B46-E207-440C-A757-F7D4EBA7B5B8}"
EndProject
Global
	GlobalSection(SolutionConfigurationPlatforms) = preSolution
		Debug|Any CPU = Debug|Any CPU
		Release|Any CPU = Release|Any CPU
	EndGlobalSection
	GlobalSection(ProjectConfigurationPlatforms) = postSolution
		{35270364-B834-4CAC-B7EA-05B79B637CEB}.Debug|Any CPU.ActiveCfg = Debug|Any CPU
		{35270364-B834-4CAC-B7EA-05B79B637CEB}.Debug|Any CPU.Build.0 = Debug|Any CPU
		{35270364-B834-4CAC-B7EA-05B79B637CEB}.Release|Any CPU.ActiveCfg = Release|Any CPU
		{35270364-B834-4CAC-B7EA-05B79B637CEB}.Release|Any CPU.Build.0 = Release|Any CPU
		{A74C5955-972C-4E24-B85C-AE927C00B277}.Debug|Any CPU.ActiveCfg = Debug|Any CPU
		{A74C5955-972C-4E24-B85C-AE927C00B277}.Debug|Any CPU.Build.0 = Debug|Any CPU
		{A74C5955-972C-4E24-B85C-AE927C00B277}.Release|Any CPU.ActiveCfg = Release|Any CPU
		{A74C5955-972C-4E24-B85C-AE927C00B277}.Release|Any CPU.Build.0 = Release|Any CPU
		{48452B46-E207-440C-A757-F7D4EBA7B5B8}.Debug|Any CPU.ActiveCfg = Debug|Any CPU
		{48452B46-E207-440C-A757-F7D4EBA7B5B8}.Debug|Any CPU.Build.0 = Debug|Any CPU
		{48452B46-E207-440C-A757-F7D4EBA7B5B8}.Release|Any CPU.ActiveCfg = Release|Any CPU
		{48452B46-E207-440C-A757-F7D4EBA7B5B8}.Release|Any CPU.Build.0 = Release|Any CPU
	EndGlobalSection
	GlobalSection(SolutionProperties) = preSolution
		HideSolutionNode = FALSE
	EndGlobalSection
	GlobalSection(ExtensibilityGlobals) = postSolution
		SolutionGuid = {6D498B66-C4F3-4407-88AE-A1F96C239AF4}
	EndGlobalSection
EndGlobal
